// !$*UTF8*$!
{
	archiveVersion = 1;
	classes = {
	};
	objectVersion = 46;
	objects = {

/* Begin PBXBuildFile section */
		114B92391C1E150B0073CE84 /* AppDelegate.swift in Sources */ = {isa = PBXBuildFile; fileRef = 114B92381C1E150B0073CE84 /* AppDelegate.swift */; };
		114B923B1C1E150B0073CE84 /* ViewController.swift in Sources */ = {isa = PBXBuildFile; fileRef = 114B923A1C1E150B0073CE84 /* ViewController.swift */; };
		114B923E1C1E150B0073CE84 /* Main.storyboard in Resources */ = {isa = PBXBuildFile; fileRef = 114B923C1C1E150B0073CE84 /* Main.storyboard */; };
		114B92401C1E150B0073CE84 /* Assets.xcassets in Resources */ = {isa = PBXBuildFile; fileRef = 114B923F1C1E150B0073CE84 /* Assets.xcassets */; };
		114B92431C1E150B0073CE84 /* LaunchScreen.storyboard in Resources */ = {isa = PBXBuildFile; fileRef = 114B92411C1E150B0073CE84 /* LaunchScreen.storyboard */; };
		114B924E1C1E150B0073CE84 /* IssueReporterTests.swift in Sources */ = {isa = PBXBuildFile; fileRef = 114B924D1C1E150B0073CE84 /* IssueReporterTests.swift */; };
		114B92591C1E150B0073CE84 /* IssueReporterUITests.swift in Sources */ = {isa = PBXBuildFile; fileRef = 114B92581C1E150B0073CE84 /* IssueReporterUITests.swift */; };
/* End PBXBuildFile section */

/* Begin PBXContainerItemProxy section */
		114B924A1C1E150B0073CE84 /* PBXContainerItemProxy */ = {
			isa = PBXContainerItemProxy;
			containerPortal = 114B922D1C1E150B0073CE84 /* Project object */;
			proxyType = 1;
			remoteGlobalIDString = 114B92341C1E150B0073CE84;
			remoteInfo = IssueReporter;
		};
		114B92551C1E150B0073CE84 /* PBXContainerItemProxy */ = {
			isa = PBXContainerItemProxy;
			containerPortal = 114B922D1C1E150B0073CE84 /* Project object */;
			proxyType = 1;
			remoteGlobalIDString = 114B92341C1E150B0073CE84;
			remoteInfo = IssueReporter;
		};
/* End PBXContainerItemProxy section */

/* Begin PBXFileReference section */
		114B92351C1E150B0073CE84 /* IssueReporter.app */ = {isa = PBXFileReference; explicitFileType = wrapper.application; includeInIndex = 0; path = IssueReporter.app; sourceTree = BUILT_PRODUCTS_DIR; };
		114B92381C1E150B0073CE84 /* AppDelegate.swift */ = {isa = PBXFileReference; lastKnownFileType = sourcecode.swift; path = AppDelegate.swift; sourceTree = "<group>"; };
		114B923A1C1E150B0073CE84 /* ViewController.swift */ = {isa = PBXFileReference; lastKnownFileType = sourcecode.swift; path = ViewController.swift; sourceTree = "<group>"; };
		114B923D1C1E150B0073CE84 /* Base */ = {isa = PBXFileReference; lastKnownFileType = file.storyboard; name = Base; path = Base.lproj/Main.storyboard; sourceTree = "<group>"; };
		114B923F1C1E150B0073CE84 /* Assets.xcassets */ = {isa = PBXFileReference; lastKnownFileType = folder.assetcatalog; path = Assets.xcassets; sourceTree = "<group>"; };
		114B92421C1E150B0073CE84 /* Base */ = {isa = PBXFileReference; lastKnownFileType = file.storyboard; name = Base; path = Base.lproj/LaunchScreen.storyboard; sourceTree = "<group>"; };
		114B92441C1E150B0073CE84 /* Info.plist */ = {isa = PBXFileReference; lastKnownFileType = text.plist.xml; path = Info.plist; sourceTree = "<group>"; };
		114B92491C1E150B0073CE84 /* IssueReporterTests.xctest */ = {isa = PBXFileReference; explicitFileType = wrapper.cfbundle; includeInIndex = 0; path = IssueReporterTests.xctest; sourceTree = BUILT_PRODUCTS_DIR; };
		114B924D1C1E150B0073CE84 /* IssueReporterTests.swift */ = {isa = PBXFileReference; lastKnownFileType = sourcecode.swift; path = IssueReporterTests.swift; sourceTree = "<group>"; };
		114B924F1C1E150B0073CE84 /* Info.plist */ = {isa = PBXFileReference; lastKnownFileType = text.plist.xml; path = Info.plist; sourceTree = "<group>"; };
		114B92541C1E150B0073CE84 /* IssueReporterUITests.xctest */ = {isa = PBXFileReference; explicitFileType = wrapper.cfbundle; includeInIndex = 0; path = IssueReporterUITests.xctest; sourceTree = BUILT_PRODUCTS_DIR; };
		114B92581C1E150B0073CE84 /* IssueReporterUITests.swift */ = {isa = PBXFileReference; lastKnownFileType = sourcecode.swift; path = IssueReporterUITests.swift; sourceTree = "<group>"; };
		114B925A1C1E150B0073CE84 /* Info.plist */ = {isa = PBXFileReference; lastKnownFileType = text.plist.xml; path = Info.plist; sourceTree = "<group>"; };
/* End PBXFileReference section */

/* Begin PBXFrameworksBuildPhase section */
		114B92321C1E150B0073CE84 /* Frameworks */ = {
			isa = PBXFrameworksBuildPhase;
			buildActionMask = 2147483647;
			files = (
			);
			runOnlyForDeploymentPostprocessing = 0;
		};
		114B92461C1E150B0073CE84 /* Frameworks */ = {
			isa = PBXFrameworksBuildPhase;
			buildActionMask = 2147483647;
			files = (
			);
			runOnlyForDeploymentPostprocessing = 0;
		};
		114B92511C1E150B0073CE84 /* Frameworks */ = {
			isa = PBXFrameworksBuildPhase;
			buildActionMask = 2147483647;
			files = (
			);
			runOnlyForDeploymentPostprocessing = 0;
		};
/* End PBXFrameworksBuildPhase section */

/* Begin PBXGroup section */
		114B922C1C1E150B0073CE84 = {
			isa = PBXGroup;
			children = (
				114B92371C1E150B0073CE84 /* IssueReporter */,
				114B924C1C1E150B0073CE84 /* IssueReporterTests */,
				114B92571C1E150B0073CE84 /* IssueReporterUITests */,
				114B92361C1E150B0073CE84 /* Products */,
			);
			sourceTree = "<group>";
		};
		114B92361C1E150B0073CE84 /* Products */ = {
			isa = PBXGroup;
			children = (
				114B92351C1E150B0073CE84 /* IssueReporter.app */,
				114B92491C1E150B0073CE84 /* IssueReporterTests.xctest */,
				114B92541C1E150B0073CE84 /* IssueReporterUITests.xctest */,
			);
			name = Products;
			sourceTree = "<group>";
		};
		114B92371C1E150B0073CE84 /* IssueReporter */ = {
			isa = PBXGroup;
			children = (
				114B92381C1E150B0073CE84 /* AppDelegate.swift */,
				114B923A1C1E150B0073CE84 /* ViewController.swift */,
				114B923C1C1E150B0073CE84 /* Main.storyboard */,
				114B923F1C1E150B0073CE84 /* Assets.xcassets */,
				114B92411C1E150B0073CE84 /* LaunchScreen.storyboard */,
				114B92441C1E150B0073CE84 /* Info.plist */,
			);
			path = IssueReporter;
			sourceTree = "<group>";
		};
		114B924C1C1E150B0073CE84 /* IssueReporterTests */ = {
			isa = PBXGroup;
			children = (
				114B924D1C1E150B0073CE84 /* IssueReporterTests.swift */,
				114B924F1C1E150B0073CE84 /* Info.plist */,
			);
			path = IssueReporterTests;
			sourceTree = "<group>";
		};
		114B92571C1E150B0073CE84 /* IssueReporterUITests */ = {
			isa = PBXGroup;
			children = (
				114B92581C1E150B0073CE84 /* IssueReporterUITests.swift */,
				114B925A1C1E150B0073CE84 /* Info.plist */,
			);
			path = IssueReporterUITests;
			sourceTree = "<group>";
		};
/* End PBXGroup section */

/* Begin PBXNativeTarget section */
		114B92341C1E150B0073CE84 /* IssueReporter */ = {
			isa = PBXNativeTarget;
			buildConfigurationList = 114B925D1C1E150B0073CE84 /* Build configuration list for PBXNativeTarget "IssueReporter" */;
			buildPhases = (
				114B92311C1E150B0073CE84 /* Sources */,
				114B92321C1E150B0073CE84 /* Frameworks */,
				114B92331C1E150B0073CE84 /* Resources */,
			);
			buildRules = (
			);
			dependencies = (
			);
			name = IssueReporter;
			productName = IssueReporter;
			productReference = 114B92351C1E150B0073CE84 /* IssueReporter.app */;
			productType = "com.apple.product-type.application";
		};
		114B92481C1E150B0073CE84 /* IssueReporterTests */ = {
			isa = PBXNativeTarget;
			buildConfigurationList = 114B92601C1E150B0073CE84 /* Build configuration list for PBXNativeTarget "IssueReporterTests" */;
			buildPhases = (
				114B92451C1E150B0073CE84 /* Sources */,
				114B92461C1E150B0073CE84 /* Frameworks */,
				114B92471C1E150B0073CE84 /* Resources */,
			);
			buildRules = (
			);
			dependencies = (
				114B924B1C1E150B0073CE84 /* PBXTargetDependency */,
			);
			name = IssueReporterTests;
			productName = IssueReporterTests;
			productReference = 114B92491C1E150B0073CE84 /* IssueReporterTests.xctest */;
			productType = "com.apple.product-type.bundle.unit-test";
		};
		114B92531C1E150B0073CE84 /* IssueReporterUITests */ = {
			isa = PBXNativeTarget;
			buildConfigurationList = 114B92631C1E150B0073CE84 /* Build configuration list for PBXNativeTarget "IssueReporterUITests" */;
			buildPhases = (
				114B92501C1E150B0073CE84 /* Sources */,
				114B92511C1E150B0073CE84 /* Frameworks */,
				114B92521C1E150B0073CE84 /* Resources */,
			);
			buildRules = (
			);
			dependencies = (
				114B92561C1E150B0073CE84 /* PBXTargetDependency */,
			);
			name = IssueReporterUITests;
			productName = IssueReporterUITests;
			productReference = 114B92541C1E150B0073CE84 /* IssueReporterUITests.xctest */;
			productType = "com.apple.product-type.bundle.ui-testing";
		};
/* End PBXNativeTarget section */

/* Begin PBXProject section */
		114B922D1C1E150B0073CE84 /* Project object */ = {
			isa = PBXProject;
			attributes = {
				LastSwiftUpdateCheck = 0720;
				LastUpgradeCheck = 0720;
				ORGANIZATIONNAME = "American International Group";
				TargetAttributes = {
					114B92341C1E150B0073CE84 = {
						CreatedOnToolsVersion = 7.2;
					};
					114B92481C1E150B0073CE84 = {
						CreatedOnToolsVersion = 7.2;
						TestTargetID = 114B92341C1E150B0073CE84;
					};
					114B92531C1E150B0073CE84 = {
						CreatedOnToolsVersion = 7.2;
						TestTargetID = 114B92341C1E150B0073CE84;
					};
				};
			};
			buildConfigurationList = 114B92301C1E150B0073CE84 /* Build configuration list for PBXProject "IssueReporter" */;
			compatibilityVersion = "Xcode 3.2";
			developmentRegion = English;
			hasScannedForEncodings = 0;
			knownRegions = (
				en,
				Base,
			);
			mainGroup = 114B922C1C1E150B0073CE84;
			productRefGroup = 114B92361C1E150B0073CE84 /* Products */;
			projectDirPath = "";
			projectRoot = "";
			targets = (
				114B92341C1E150B0073CE84 /* IssueReporter */,
				114B92481C1E150B0073CE84 /* IssueReporterTests */,
				114B92531C1E150B0073CE84 /* IssueReporterUITests */,
			);
		};
/* End PBXProject section */

/* Begin PBXResourcesBuildPhase section */
		114B92331C1E150B0073CE84 /* Resources */ = {
			isa = PBXResourcesBuildPhase;
			buildActionMask = 2147483647;
			files = (
				114B92431C1E150B0073CE84 /* LaunchScreen.storyboard in Resources */,
				114B92401C1E150B0073CE84 /* Assets.xcassets in Resources */,
				114B923E1C1E150B0073CE84 /* Main.storyboard in Resources */,
			);
			runOnlyForDeploymentPostprocessing = 0;
		};
		114B92471C1E150B0073CE84 /* Resources */ = {
			isa = PBXResourcesBuildPhase;
			buildActionMask = 2147483647;
			files = (
			);
			runOnlyForDeploymentPostprocessing = 0;
		};
		114B92521C1E150B0073CE84 /* Resources */ = {
			isa = PBXResourcesBuildPhase;
			buildActionMask = 2147483647;
			files = (
			);
			runOnlyForDeploymentPostprocessing = 0;
		};
/* End PBXResourcesBuildPhase section */

/* Begin PBXSourcesBuildPhase section */
		114B92311C1E150B0073CE84 /* Sources */ = {
			isa = PBXSourcesBuildPhase;
			buildActionMask = 2147483647;
			files = (
				114B923B1C1E150B0073CE84 /* ViewController.swift in Sources */,
				114B92391C1E150B0073CE84 /* AppDelegate.swift in Sources */,
			);
			runOnlyForDeploymentPostprocessing = 0;
		};
		114B92451C1E150B0073CE84 /* Sources */ = {
			isa = PBXSourcesBuildPhase;
			buildActionMask = 2147483647;
			files = (
				114B924E1C1E150B0073CE84 /* IssueReporterTests.swift in Sources */,
			);
			runOnlyForDeploymentPostprocessing = 0;
		};
		114B92501C1E150B0073CE84 /* Sources */ = {
			isa = PBXSourcesBuildPhase;
			buildActionMask = 2147483647;
			files = (
				114B92591C1E150B0073CE84 /* IssueReporterUITests.swift in Sources */,
			);
			runOnlyForDeploymentPostprocessing = 0;
		};
/* End PBXSourcesBuildPhase section */

/* Begin PBXTargetDependency section */
		114B924B1C1E150B0073CE84 /* PBXTargetDependency */ = {
			isa = PBXTargetDependency;
			target = 114B92341C1E150B0073CE84 /* IssueReporter */;
			targetProxy = 114B924A1C1E150B0073CE84 /* PBXContainerItemProxy */;
		};
		114B92561C1E150B0073CE84 /* PBXTargetDependency */ = {
			isa = PBXTargetDependency;
			target = 114B92341C1E150B0073CE84 /* IssueReporter */;
			targetProxy = 114B92551C1E150B0073CE84 /* PBXContainerItemProxy */;
		};
/* End PBXTargetDependency section */

/* Begin PBXVariantGroup section */
		114B923C1C1E150B0073CE84 /* Main.storyboard */ = {
			isa = PBXVariantGroup;
			children = (
				114B923D1C1E150B0073CE84 /* Base */,
			);
			name = Main.storyboard;
			sourceTree = "<group>";
		};
		114B92411C1E150B0073CE84 /* LaunchScreen.storyboard */ = {
			isa = PBXVariantGroup;
			children = (
				114B92421C1E150B0073CE84 /* Base */,
			);
			name = LaunchScreen.storyboard;
			sourceTree = "<group>";
		};
/* End PBXVariantGroup section */

/* Begin XCBuildConfiguration section */
		114B925B1C1E150B0073CE84 /* Debug */ = {
			isa = XCBuildConfiguration;
			buildSettings = {
				ALWAYS_SEARCH_USER_PATHS = NO;
				CLANG_CXX_LANGUAGE_STANDARD = "gnu++0x";
				CLANG_CXX_LIBRARY = "libc++";
				CLANG_ENABLE_MODULES = YES;
				CLANG_ENABLE_OBJC_ARC = YES;
				CLANG_WARN_BOOL_CONVERSION = YES;
				CLANG_WARN_CONSTANT_CONVERSION = YES;
				CLANG_WARN_DIRECT_OBJC_ISA_USAGE = YES_ERROR;
				CLANG_WARN_EMPTY_BODY = YES;
				CLANG_WARN_ENUM_CONVERSION = YES;
				CLANG_WARN_INT_CONVERSION = YES;
				CLANG_WARN_OBJC_ROOT_CLASS = YES_ERROR;
				CLANG_WARN_UNREACHABLE_CODE = YES;
				CLANG_WARN__DUPLICATE_METHOD_MATCH = YES;
				"CODE_SIGN_IDENTITY[sdk=iphoneos*]" = "iPhone Developer";
				COPY_PHASE_STRIP = NO;
				DEBUG_INFORMATION_FORMAT = dwarf;
				ENABLE_STRICT_OBJC_MSGSEND = YES;
				ENABLE_TESTABILITY = YES;
				GCC_C_LANGUAGE_STANDARD = gnu99;
				GCC_DYNAMIC_NO_PIC = NO;
				GCC_NO_COMMON_BLOCKS = YES;
				GCC_OPTIMIZATION_LEVEL = 0;
				GCC_PREPROCESSOR_DEFINITIONS = (
					"DEBUG=1",
					"$(inherited)",
				);
				GCC_WARN_64_TO_32_BIT_CONVERSION = YES;
				GCC_WARN_ABOUT_RETURN_TYPE = YES_ERROR;
				GCC_WARN_UNDECLARED_SELECTOR = YES;
				GCC_WARN_UNINITIALIZED_AUTOS = YES_AGGRESSIVE;
				GCC_WARN_UNUSED_FUNCTION = YES;
				GCC_WARN_UNUSED_VARIABLE = YES;
				IPHONEOS_DEPLOYMENT_TARGET = 9.2;
				MTL_ENABLE_DEBUG_INFO = YES;
				ONLY_ACTIVE_ARCH = YES;
				SDKROOT = iphoneos;
				SWIFT_OPTIMIZATION_LEVEL = "-Onone";
				TARGETED_DEVICE_FAMILY = "1,2";
			};
			name = Debug;
		};
		114B925C1C1E150B0073CE84 /* Release */ = {
			isa = XCBuildConfiguration;
			buildSettings = {
				ALWAYS_SEARCH_USER_PATHS = NO;
				CLANG_CXX_LANGUAGE_STANDARD = "gnu++0x";
				CLANG_CXX_LIBRARY = "libc++";
				CLANG_ENABLE_MODULES = YES;
				CLANG_ENABLE_OBJC_ARC = YES;
				CLANG_WARN_BOOL_CONVERSION = YES;
				CLANG_WARN_CONSTANT_CONVERSION = YES;
				CLANG_WARN_DIRECT_OBJC_ISA_USAGE = YES_ERROR;
				CLANG_WARN_EMPTY_BODY = YES;
				CLANG_WARN_ENUM_CONVERSION = YES;
				CLANG_WARN_INT_CONVERSION = YES;
				CLANG_WARN_OBJC_ROOT_CLASS = YES_ERROR;
				CLANG_WARN_UNREACHABLE_CODE = YES;
				CLANG_WARN__DUPLICATE_METHOD_MATCH = YES;
				"CODE_SIGN_IDENTITY[sdk=iphoneos*]" = "iPhone Developer";
				COPY_PHASE_STRIP = NO;
				DEBUG_INFORMATION_FORMAT = "dwarf-with-dsym";
				ENABLE_NS_ASSERTIONS = NO;
				ENABLE_STRICT_OBJC_MSGSEND = YES;
				GCC_C_LANGUAGE_STANDARD = gnu99;
				GCC_NO_COMMON_BLOCKS = YES;
				GCC_WARN_64_TO_32_BIT_CONVERSION = YES;
				GCC_WARN_ABOUT_RETURN_TYPE = YES_ERROR;
				GCC_WARN_UNDECLARED_SELECTOR = YES;
				GCC_WARN_UNINITIALIZED_AUTOS = YES_AGGRESSIVE;
				GCC_WARN_UNUSED_FUNCTION = YES;
				GCC_WARN_UNUSED_VARIABLE = YES;
				IPHONEOS_DEPLOYMENT_TARGET = 9.2;
				MTL_ENABLE_DEBUG_INFO = NO;
				SDKROOT = iphoneos;
				TARGETED_DEVICE_FAMILY = "1,2";
				VALIDATE_PRODUCT = YES;
			};
			name = Release;
		};
		114B925E1C1E150B0073CE84 /* Debug */ = {
			isa = XCBuildConfiguration;
			buildSettings = {
				ASSETCATALOG_COMPILER_APPICON_NAME = AppIcon;
				INFOPLIST_FILE = IssueReporter/Info.plist;
				LD_RUNPATH_SEARCH_PATHS = "$(inherited) @executable_path/Frameworks";
				PRODUCT_BUNDLE_IDENTIFIER = aig.IssueReporter;
				PRODUCT_NAME = "$(TARGET_NAME)";
			};
			name = Debug;
		};
		114B925F1C1E150B0073CE84 /* Release */ = {
			isa = XCBuildConfiguration;
			buildSettings = {
				ASSETCATALOG_COMPILER_APPICON_NAME = AppIcon;
				INFOPLIST_FILE = IssueReporter/Info.plist;
				LD_RUNPATH_SEARCH_PATHS = "$(inherited) @executable_path/Frameworks";
				PRODUCT_BUNDLE_IDENTIFIER = aig.IssueReporter;
				PRODUCT_NAME = "$(TARGET_NAME)";
			};
			name = Release;
		};
		114B92611C1E150B0073CE84 /* Debug */ = {
			isa = XCBuildConfiguration;
			buildSettings = {
				BUNDLE_LOADER = "$(TEST_HOST)";
				INFOPLIST_FILE = IssueReporterTests/Info.plist;
				LD_RUNPATH_SEARCH_PATHS = "$(inherited) @executable_path/Frameworks @loader_path/Frameworks";
				PRODUCT_BUNDLE_IDENTIFIER = aig.IssueReporterTests;
				PRODUCT_NAME = "$(TARGET_NAME)";
				TEST_HOST = "$(BUILT_PRODUCTS_DIR)/IssueReporter.app/IssueReporter";
			};
			name = Debug;
		};
		114B92621C1E150B0073CE84 /* Release */ = {
			isa = XCBuildConfiguration;
			buildSettings = {
				BUNDLE_LOADER = "$(TEST_HOST)";
				INFOPLIST_FILE = IssueReporterTests/Info.plist;
				LD_RUNPATH_SEARCH_PATHS = "$(inherited) @executable_path/Frameworks @loader_path/Frameworks";
				PRODUCT_BUNDLE_IDENTIFIER = aig.IssueReporterTests;
				PRODUCT_NAME = "$(TARGET_NAME)";
				TEST_HOST = "$(BUILT_PRODUCTS_DIR)/IssueReporter.app/IssueReporter";
			};
			name = Release;
		};
		114B92641C1E150B0073CE84 /* Debug */ = {
			isa = XCBuildConfiguration;
			buildSettings = {
				INFOPLIST_FILE = IssueReporterUITests/Info.plist;
				LD_RUNPATH_SEARCH_PATHS = "$(inherited) @executable_path/Frameworks @loader_path/Frameworks";
				PRODUCT_BUNDLE_IDENTIFIER = aig.IssueReporterUITests;
				PRODUCT_NAME = "$(TARGET_NAME)";
				TEST_TARGET_NAME = IssueReporter;
				USES_XCTRUNNER = YES;
			};
			name = Debug;
		};
		114B92651C1E150B0073CE84 /* Release */ = {
			isa = XCBuildConfiguration;
			buildSettings = {
				INFOPLIST_FILE = IssueReporterUITests/Info.plist;
				LD_RUNPATH_SEARCH_PATHS = "$(inherited) @executable_path/Frameworks @loader_path/Frameworks";
				PRODUCT_BUNDLE_IDENTIFIER = aig.IssueReporterUITests;
				PRODUCT_NAME = "$(TARGET_NAME)";
				TEST_TARGET_NAME = IssueReporter;
				USES_XCTRUNNER = YES;
			};
			name = Release;
		};
/* End XCBuildConfiguration section */

/* Begin XCConfigurationList section */
		114B92301C1E150B0073CE84 /* Build configuration list for PBXProject "IssueReporter" */ = {
			isa = XCConfigurationList;
			buildConfigurations = (
				114B925B1C1E150B0073CE84 /* Debug */,
				114B925C1C1E150B0073CE84 /* Release */,
			);
			defaultConfigurationIsVisible = 0;
			defaultConfigurationName = Release;
		};
		114B925D1C1E150B0073CE84 /* Build configuration list for PBXNativeTarget "IssueReporter" */ = {
			isa = XCConfigurationList;
			buildConfigurations = (
				114B925E1C1E150B0073CE84 /* Debug */,
				114B925F1C1E150B0073CE84 /* Release */,
			);
			defaultConfigurationIsVisible = 0;
		};
		114B92601C1E150B0073CE84 /* Build configuration list for PBXNativeTarget "IssueReporterTests" */ = {
			isa = XCConfigurationList;
			buildConfigurations = (
				114B92611C1E150B0073CE84 /* Debug */,
				114B92621C1E150B0073CE84 /* Release */,
			);
			defaultConfigurationIsVisible = 0;
		};
		114B92631C1E150B0073CE84 /* Build configuration list for PBXNativeTarget "IssueReporterUITests" */ = {
			isa = XCConfigurationList;
			buildConfigurations = (
				114B92641C1E150B0073CE84 /* Debug */,
				114B92651C1E150B0073CE84 /* Release */,
			);
			defaultConfigurationIsVisible = 0;
		};
/* End XCConfigurationList section */
	};
	rootObject = 114B922D1C1E150B0073CE84 /* Project object */;
}
